
Microsoft Visual Studio Solution File, Format Version 12.00
# Visual Studio Version 17
VisualStudioVersion = 17.7.34031.279
MinimumVisualStudioVersion = 10.0.40219.1
Project("{FAE04EC0-301F-11D3-BF4B-00C04F79EFBC}") = "Strategy", "Strategy.csproj", "{CAA94671-412E-4C97-8446-74F4B00E77AA}"
EndProject
Global
	GlobalSection(SolutionConfigurationPlatforms) = preSolution
		Debug|Any CPU = Debug|Any CPU
		Release|Any CPU = Release|Any CPU
	EndGlobalSection
	GlobalSection(ProjectConfigurationPlatforms) = postSolution
		{CAA94671-412E-4C97-8446-74F4B00E77AA}.Debug|Any CPU.ActiveCfg = Debug|Any CPU
		{CAA94671-412E-4C97-8446-74F4B00E77AA}.Debug|Any CPU.Build.0 = Debug|Any CPU
		{CAA94671-412E-4C97-8446-74F4B00E77AA}.Release|Any CPU.ActiveCfg = Release|Any CPU
		{CAA94671-412E-4C97-8446-74F4B00E77AA}.Release|Any CPU.Build.0 = Release|Any CPU
	EndGlobalSection
	GlobalSection(SolutionProperties) = preSolution
		HideSolutionNode = FALSE
	EndGlobalSection
	GlobalSection(ExtensibilityGlobals) = postSolution
		SolutionGuid = {CF3707FF-209B-4F9A-8D49-D6DEC11A1969}
	EndGlobalSection
EndGlobal
